{
  "name": "youtube-downloader",
  "version": "1.0.0",
  "lockfileVersion": 3,
  "requires": true,
  "packages": {
    "": {
      "name": "youtube-downloader",
      "version": "1.0.0",
      "dependencies": {
        "youtubei.js": "^18.1.0"
      },
      "engines": {
        "node": "22.x"
      }
    },
    "node_modules/@bufbuild/protobuf": {
      "version": "2.15.0",
      "resolved": "https://registry.npmjs.org/@bufbuild/protobuf/-/protobuf-2.15.0.tgz",
      "integrity": "sha512-DAheWUkVr/SJTWCc+lg9dhY0eN4SaWlf4+bG1KzHeXbnqt0AfB/NX0Z+VunGlM1ki1B4zVvye27MpKh/svySUA==",
      "license": "(Apache-2.0 AND BSD-3-Clause)"
    },
    "node_modules/fflate": {
      "version": "0.8.3",
      "resolved": "https://registry.npmjs.org/fflate/-/fflate-0.8.3.tgz",
      "integrity": "sha512-tbZNuJrLwGUp3zshBtdy4W+ORxZuIh8a5ilyIEQDC5rY1f3U20JMry0Ll3WBzU58EZKsEuJFXhb5gwv8CsPvgA==",
      "license": "MIT"
    },
    "node_modules/meriyah": {
      "version": "7.3.3",
      "resolved": "https://registry.npmjs.org/meriyah/-/meriyah-7.3.3.tgz",
      "integrity": "sha512-uE5cnoNj+UYhoMdZDuymCzr5TzEuE3ZF2C4kn6Z76rLhkwnvZ/+6dUZnM41T3fifyuhW0+n8vK7eq6DKJxUfPA==",
      "license": "ISC",
      "engines": {
        "node": ">=20.0.0"
      }
    },
    "node_modules/youtubei.js": {
      "version": "18.1.0",
      "resolved": "https://registry.npmjs.org/youtubei.js/-/youtubei.js-18.1.0.tgz",
      "integrity": "sha512-4Goo3ZeO6/kE8Mq67eC8Z9K1rijeqRwyKxf/YM4lqf8bB4r/s8JC0V3YFx7+l/AJR3LnAsulTsiIj+AFe0cduA==",
      "funding": [
        "https://github.com/sponsors/LuanRT"
      ],
      "license": "MIT",
      "dependencies": {
        "@bufbuild/protobuf": "^2.0.0",
        "fflate": "^0.8.2",
        "meriyah": "^7.3.1"
      }
    }
  }
}
